Microsoft Visual Studio Solution File, Format Version 12.00
# Visual Studio Version 17
VisualStudioVersion = 17.5.2.0
MinimumVisualStudioVersion = 10.0.40219.1
Project("{FAE04EC0-301F-11D3-BF4B-00C04F79EFBC}") = "sisRUA", "sisRUA.csproj", "{59947578-6252-F766-E834-D738881EDEB0}"
EndProject
Project("{2150E333-8FDC-42A3-9474-1A3956D46DE8}") = "history", "history", "{F2C984D9-48F7-2209-0ACD-E75C1D07AF96}"
EndProject
Project("{FAE04EC0-301F-11D3-BF4B-00C04F79EFBC}") = "v1.0_sisRUA", "history\v1.0_sisRUA.csproj", "{A33E4EA6-B2F0-561B-6646-AEA1400015DC}"
EndProject
Global
	GlobalSection(SolutionConfigurationPlatforms) = preSolution
		Debug|Any CPU = Debug|Any CPU
		Release|Any CPU = Release|Any CPU
	EndGlobalSection
	GlobalSection(ProjectConfigurationPlatforms) = postSolution
		{59947578-6252-F766-E834-D738881EDEB0}.Debug|Any CPU.ActiveCfg = Debug|Any CPU
		{59947578-6252-F766-E834-D738881EDEB0}.Debug|Any CPU.Build.0 = Debug|Any CPU
		{59947578-6252-F766-E834-D738881EDEB0}.Release|Any CPU.ActiveCfg = Release|Any CPU
		{59947578-6252-F766-E834-D738881EDEB0}.Release|Any CPU.Build.0 = Release|Any CPU
		{A33E4EA6-B2F0-561B-6646-AEA1400015DC}.Debug|Any CPU.ActiveCfg = Debug|Any CPU
		{A33E4EA6-B2F0-561B-6646-AEA1400015DC}.Debug|Any CPU.Build.0 = Debug|Any CPU
		{A33E4EA6-B2F0-561B-6646-AEA1400015DC}.Release|Any CPU.ActiveCfg = Release|Any CPU
		{A33E4EA6-B2F0-561B-6646-AEA1400015DC}.Release|Any CPU.Build.0 = Release|Any CPU
	EndGlobalSection
	GlobalSection(SolutionProperties) = preSolution
		HideSolutionNode = FALSE
	EndGlobalSection
	GlobalSection(NestedProjects) = preSolution
		{A33E4EA6-B2F0-561B-6646-AEA1400015DC} = {F2C984D9-48F7-2209-0ACD-E75C1D07AF96}
	EndGlobalSection
	GlobalSection(ExtensibilityGlobals) = postSolution
		SolutionGuid = {AC1EB93D-03B3-4CD8-B72B-CD8AAD2A48B3}
	EndGlobalSection
EndGlobal
